# This file is automatically @generated by Cargo.
# It is not intended for manual editing.
version = 4

[[package]]
name = "ccid-apdu"
version = "0.0.0"

[[package]]
name = "ccid-backend-pcsc"
version = "0.0.0"

[[package]]
name = "ccid-backend-usb"
version = "0.0.0"

[[package]]
name = "ccid-backend-virtual"
version = "0.0.0"

[[package]]
name = "ccid-cli"
version = "0.0.0"

[[package]]
name = "ccid-core"
version = "0.0.0"

[[package]]
name = "ccid-driverkit"
version = "0.0.0"

[[package]]
name = "ccid-proto"
version = "0.0.0"

[[package]]
name = "ccid-testkit"
version = "0.0.0"

[[package]]
name = "ccidkit"
version = "0.0.0"

[[package]]
name = "xtask"
version = "0.0.0"
